
Microsoft Visual Studio Solution File, Format Version 12.00
# Visual Studio Version 16
VisualStudioVersion = 16.0.31205.134
MinimumVisualStudioVersion = 10.0.40219.1
Project("{FAE04EC0-301F-11D3-BF4B-00C04F79EFBC}") = "AddressBook_ADO_DB", "AddressBook_ADO_DB\AddressBook_ADO_DB.csproj", "{C7076F50-9B49-4C3F-B13F-F71732514B22}"
EndProject
Global
	GlobalSection(SolutionConfigurationPlatforms) = preSolution
		Debug|Any CPU = Debug|Any CPU
		Release|Any CPU = Release|Any CPU
	EndGlobalSection
	GlobalSection(ProjectConfigurationPlatforms) = postSolution
		{C7076F50-9B49-4C3F-B13F-F71732514B22}.Debug|Any CPU.ActiveCfg = Debug|Any CPU
		{C7076F50-9B49-4C3F-B13F-F71732514B22}.Debug|Any CPU.Build.0 = Debug|Any CPU
		{C7076F50-9B49-4C3F-B13F-F71732514B22}.Release|Any CPU.ActiveCfg = Release|Any CPU
		{C7076F50-9B49-4C3F-B13F-F71732514B22}.Release|Any CPU.Build.0 = Release|Any CPU
	EndGlobalSection
	GlobalSection(SolutionProperties) = preSolution
		HideSolutionNode = FALSE
	EndGlobalSection
	GlobalSection(ExtensibilityGlobals) = postSolution
		SolutionGuid = {38AE6B12-A231-4A1A-AEAC-E420EDD24766}
	EndGlobalSection
EndGlobal
